// !$*UTF8*$!
{
	archiveVersion = 1;
	classes = {
	};
	objectVersion = 50;
	objects = {

/* Begin PBXBuildFile section */
		49D967EF263016240025311A /* MenuViewController.swift in Sources */ = {isa = PBXBuildFile; fileRef = 49D967EE263016240025311A /* MenuViewController.swift */; };
		49D967F5263016620025311A /* TobaccoViewController.swift in Sources */ = {isa = PBXBuildFile; fileRef = 49D967F4263016620025311A /* TobaccoViewController.swift */; };
		49D967FA2630169C0025311A /* TabBarViewController.swift in Sources */ = {isa = PBXBuildFile; fileRef = 49D967F92630169C0025311A /* TabBarViewController.swift */; };
		49D96805263017D50025311A /* Product.swift in Sources */ = {isa = PBXBuildFile; fileRef = 49D96804263017D50025311A /* Product.swift */; };
		49D9680D263026A00025311A /* TioStoryBoard.storyboard in Resources */ = {isa = PBXBuildFile; fileRef = 49D9680C263026A00025311A /* TioStoryBoard.storyboard */; };
		49D96810263028210025311A /* DenStoryBoard.storyboard in Resources */ = {isa = PBXBuildFile; fileRef = 49D9680F263028210025311A /* DenStoryBoard.storyboard */; };
		49D968182630607E0025311A /* MixesViewController.swift in Sources */ = {isa = PBXBuildFile; fileRef = 49D968172630607E0025311A /* MixesViewController.swift */; };
		8B560CFD262DCCF100BB1849 /* AppDelegate.swift in Sources */ = {isa = PBXBuildFile; fileRef = 8B560CFC262DCCF100BB1849 /* AppDelegate.swift */; };
		8B560CFF262DCCF100BB1849 /* SceneDelegate.swift in Sources */ = {isa = PBXBuildFile; fileRef = 8B560CFE262DCCF100BB1849 /* SceneDelegate.swift */; };
		8B560D04262DCCF100BB1849 /* Main.storyboard in Resources */ = {isa = PBXBuildFile; fileRef = 8B560D02262DCCF100BB1849 /* Main.storyboard */; };
		8B560D06262DCCFB00BB1849 /* Assets.xcassets in Resources */ = {isa = PBXBuildFile; fileRef = 8B560D05262DCCFB00BB1849 /* Assets.xcassets */; };
		8B560D09262DCCFB00BB1849 /* LaunchScreen.storyboard in Resources */ = {isa = PBXBuildFile; fileRef = 8B560D07262DCCFB00BB1849 /* LaunchScreen.storyboard */; };
/* End PBXBuildFile section */

/* Begin PBXFileReference section */
		49D967EE263016240025311A /* MenuViewController.swift */ = {isa = PBXFileReference; lastKnownFileType = sourcecode.swift; path = MenuViewController.swift; sourceTree = "<group>"; };
		49D967F4263016620025311A /* TobaccoViewController.swift */ = {isa = PBXFileReference; lastKnownFileType = sourcecode.swift; path = TobaccoViewController.swift; sourceTree = "<group>"; };
		49D967F92630169C0025311A /* TabBarViewController.swift */ = {isa = PBXFileReference; lastKnownFileType = sourcecode.swift; path = TabBarViewController.swift; sourceTree = "<group>"; };
		49D96804263017D50025311A /* Product.swift */ = {isa = PBXFileReference; lastKnownFileType = sourcecode.swift; path = Product.swift; sourceTree = "<group>"; };
		49D9680C263026A00025311A /* TioStoryBoard.storyboard */ = {isa = PBXFileReference; lastKnownFileType = file.storyboard; path = TioStoryBoard.storyboard; sourceTree = "<group>"; };
		49D9680F263028210025311A /* DenStoryBoard.storyboard */ = {isa = PBXFileReference; lastKnownFileType = file.storyboard; path = DenStoryBoard.storyboard; sourceTree = "<group>"; };
		49D968172630607E0025311A /* MixesViewController.swift */ = {isa = PBXFileReference; lastKnownFileType = sourcecode.swift; path = MixesViewController.swift; sourceTree = "<group>"; };
		8B560CF9262DCCF100BB1849 /* HookahApp.app */ = {isa = PBXFileReference; explicitFileType = wrapper.application; includeInIndex = 0; path = HookahApp.app; sourceTree = BUILT_PRODUCTS_DIR; };
		8B560CFC262DCCF100BB1849 /* AppDelegate.swift */ = {isa = PBXFileReference; lastKnownFileType = sourcecode.swift; path = AppDelegate.swift; sourceTree = "<group>"; };
		8B560CFE262DCCF100BB1849 /* SceneDelegate.swift */ = {isa = PBXFileReference; lastKnownFileType = sourcecode.swift; path = SceneDelegate.swift; sourceTree = "<group>"; };
		8B560D03262DCCF100BB1849 /* Base */ = {isa = PBXFileReference; lastKnownFileType = file.storyboard; name = Base; path = Base.lproj/Main.storyboard; sourceTree = "<group>"; };
		8B560D05262DCCFB00BB1849 /* Assets.xcassets */ = {isa = PBXFileReference; lastKnownFileType = folder.assetcatalog; path = Assets.xcassets; sourceTree = "<group>"; };
		8B560D08262DCCFB00BB1849 /* Base */ = {isa = PBXFileReference; lastKnownFileType = file.storyboard; name = Base; path = Base.lproj/LaunchScreen.storyboard; sourceTree = "<group>"; };
		8B560D0A262DCCFB00BB1849 /* Info.plist */ = {isa = PBXFileReference; lastKnownFileType = text.plist.xml; path = Info.plist; sourceTree = "<group>"; };
/* End PBXFileReference section */

/* Begin PBXFrameworksBuildPhase section */
		8B560CF6262DCCF100BB1849 /* Frameworks */ = {
			isa = PBXFrameworksBuildPhase;
			buildActionMask = 2147483647;
			files = (
			);
			runOnlyForDeploymentPostprocessing = 0;
		};
/* End PBXFrameworksBuildPhase section */

/* Begin PBXGroup section */
		49D967F7263016720025311A /* ViewControllers */ = {
			isa = PBXGroup;
			children = (
				49D967F92630169C0025311A /* TabBarViewController.swift */,
				49D967EE263016240025311A /* MenuViewController.swift */,
				49D968172630607E0025311A /* MixesViewController.swift */,
				49D967F4263016620025311A /* TobaccoViewController.swift */,
			);
			path = ViewControllers;
			sourceTree = "<group>";
		};
		49D96800263017BB0025311A /* Model */ = {
			isa = PBXGroup;
			children = (
				49D96804263017D50025311A /* Product.swift */,
			);
			path = Model;
			sourceTree = "<group>";
		};
		49D96807263017EA0025311A /* Storyboard */ = {
			isa = PBXGroup;
			children = (
				8B560D02262DCCF100BB1849 /* Main.storyboard */,
				49D9680C263026A00025311A /* TioStoryBoard.storyboard */,
				49D9680F263028210025311A /* DenStoryBoard.storyboard */,
			);
			path = Storyboard;
			sourceTree = "<group>";
		};
		8B560CF0262DCCF100BB1849 = {
			isa = PBXGroup;
			children = (
				8B560CFB262DCCF100BB1849 /* HookahApp */,
				8B560CFA262DCCF100BB1849 /* Products */,
			);
			sourceTree = "<group>";
		};
		8B560CFA262DCCF100BB1849 /* Products */ = {
			isa = PBXGroup;
			children = (
				8B560CF9262DCCF100BB1849 /* HookahApp.app */,
			);
			name = Products;
			sourceTree = "<group>";
		};
		8B560CFB262DCCF100BB1849 /* HookahApp */ = {
			isa = PBXGroup;
			children = (
				49D967F7263016720025311A /* ViewControllers */,
				49D96800263017BB0025311A /* Model */,
				49D96807263017EA0025311A /* Storyboard */,
				8B560CFC262DCCF100BB1849 /* AppDelegate.swift */,
				8B560CFE262DCCF100BB1849 /* SceneDelegate.swift */,
				8B560D05262DCCFB00BB1849 /* Assets.xcassets */,
				8B560D07262DCCFB00BB1849 /* LaunchScreen.storyboard */,
				8B560D0A262DCCFB00BB1849 /* Info.plist */,
			);
			path = HookahApp;
			sourceTree = "<group>";
		};
/* End PBXGroup section */

/* Begin PBXNativeTarget section */
		8B560CF8262DCCF100BB1849 /* HookahApp */ = {
			isa = PBXNativeTarget;
			buildConfigurationList = 8B560D0D262DCCFB00BB1849 /* Build configuration list for PBXNativeTarget "HookahApp" */;
			buildPhases = (
				8B560CF5262DCCF100BB1849 /* Sources */,
				8B560CF6262DCCF100BB1849 /* Frameworks */,
				8B560CF7262DCCF100BB1849 /* Resources */,
			);
			buildRules = (
			);
			dependencies = (
			);
			name = HookahApp;
			productName = HookahApp;
			productReference = 8B560CF9262DCCF100BB1849 /* HookahApp.app */;
			productType = "com.apple.product-type.application";
		};
/* End PBXNativeTarget section */

/* Begin PBXProject section */
		8B560CF1262DCCF100BB1849 /* Project object */ = {
			isa = PBXProject;
			attributes = {
				LastSwiftUpdateCheck = 1240;
				LastUpgradeCheck = 1240;
				TargetAttributes = {
					8B560CF8262DCCF100BB1849 = {
						CreatedOnToolsVersion = 12.4;
					};
				};
			};
			buildConfigurationList = 8B560CF4262DCCF100BB1849 /* Build configuration list for PBXProject "HookahApp" */;
			compatibilityVersion = "Xcode 9.3";
			developmentRegion = en;
			hasScannedForEncodings = 0;
			knownRegions = (
				en,
				Base,
			);
			mainGroup = 8B560CF0262DCCF100BB1849;
			productRefGroup = 8B560CFA262DCCF100BB1849 /* Products */;
			projectDirPath = "";
			projectRoot = "";
			targets = (
				8B560CF8262DCCF100BB1849 /* HookahApp */,
			);
		};
/* End PBXProject section */

/* Begin PBXResourcesBuildPhase section */
		8B560CF7262DCCF100BB1849 /* Resources */ = {
			isa = PBXResourcesBuildPhase;
			buildActionMask = 2147483647;
			files = (
				49D9680D263026A00025311A /* TioStoryBoard.storyboard in Resources */,
				8B560D09262DCCFB00BB1849 /* LaunchScreen.storyboard in Resources */,
				8B560D06262DCCFB00BB1849 /* Assets.xcassets in Resources */,
				49D96810263028210025311A /* DenStoryBoard.storyboard in Resources */,
				8B560D04262DCCF100BB1849 /* Main.storyboard in Resources */,
			);
			runOnlyForDeploymentPostprocessing = 0;
		};
/* End PBXResourcesBuildPhase section */

/* Begin PBXSourcesBuildPhase section */
		8B560CF5262DCCF100BB1849 /* Sources */ = {
			isa = PBXSourcesBuildPhase;
			buildActionMask = 2147483647;
			files = (
				8B560CFD262DCCF100BB1849 /* AppDelegate.swift in Sources */,
				49D968182630607E0025311A /* MixesViewController.swift in Sources */,
				8B560CFF262DCCF100BB1849 /* SceneDelegate.swift in Sources */,
				49D967EF263016240025311A /* MenuViewController.swift in Sources */,
				49D967FA2630169C0025311A /* TabBarViewController.swift in Sources */,
				49D967F5263016620025311A /* TobaccoViewController.swift in Sources */,
				49D96805263017D50025311A /* Product.swift in Sources */,
			);
			runOnlyForDeploymentPostprocessing = 0;
		};
/* End PBXSourcesBuildPhase section */

/* Begin PBXVariantGroup section */
		8B560D02262DCCF100BB1849 /* Main.storyboard */ = {
			isa = PBXVariantGroup;
			children = (
				8B560D03262DCCF100BB1849 /* Base */,
			);
			name = Main.storyboard;
			sourceTree = "<group>";
		};
		8B560D07262DCCFB00BB1849 /* LaunchScreen.storyboard */ = {
			isa = PBXVariantGroup;
			children = (
				8B560D08262DCCFB00BB1849 /* Base */,
			);
			name = LaunchScreen.storyboard;
			sourceTree = "<group>";
		};
/* End PBXVariantGroup section */

/* Begin XCBuildConfiguration section */
		8B560D0B262DCCFB00BB1849 /* Debug */ = {
			isa = XCBuildConfiguration;
			buildSettings = {
				ALWAYS_SEARCH_USER_PATHS = NO;
				CLANG_ANALYZER_NONNULL = YES;
				CLANG_ANALYZER_NUMBER_OBJECT_CONVERSION = YES_AGGRESSIVE;
				CLANG_CXX_LANGUAGE_STANDARD = "gnu++14";
				CLANG_CXX_LIBRARY = "libc++";
				CLANG_ENABLE_MODULES = YES;
				CLANG_ENABLE_OBJC_ARC = YES;
				CLANG_ENABLE_OBJC_WEAK = YES;
				CLANG_WARN_BLOCK_CAPTURE_AUTORELEASING = YES;
				CLANG_WARN_BOOL_CONVERSION = YES;
				CLANG_WARN_COMMA = YES;
				CLANG_WARN_CONSTANT_CONVERSION = YES;
				CLANG_WARN_DEPRECATED_OBJC_IMPLEMENTATIONS = YES;
				CLANG_WARN_DIRECT_OBJC_ISA_USAGE = YES_ERROR;
				CLANG_WARN_DOCUMENTATION_COMMENTS = YES;
				CLANG_WARN_EMPTY_BODY = YES;
				CLANG_WARN_ENUM_CONVERSION = YES;
				CLANG_WARN_INFINITE_RECURSION = YES;
				CLANG_WARN_INT_CONVERSION = YES;
				CLANG_WARN_NON_LITERAL_NULL_CONVERSION = YES;
				CLANG_WARN_OBJC_IMPLICIT_RETAIN_SELF = YES;
				CLANG_WARN_OBJC_LITERAL_CONVERSION = YES;
				CLANG_WARN_OBJC_ROOT_CLASS = YES_ERROR;
				CLANG_WARN_QUOTED_INCLUDE_IN_FRAMEWORK_HEADER = YES;
				CLANG_WARN_RANGE_LOOP_ANALYSIS = YES;
				CLANG_WARN_STRICT_PROTOTYPES = YES;
				CLANG_WARN_SUSPICIOUS_MOVE = YES;
				CLANG_WARN_UNGUARDED_AVAILABILITY = YES_AGGRESSIVE;
				CLANG_WARN_UNREACHABLE_CODE = YES;
				CLANG_WARN__DUPLICATE_METHOD_MATCH = YES;
				COPY_PHASE_STRIP = NO;
				DEBUG_INFORMATION_FORMAT = dwarf;
				ENABLE_STRICT_OBJC_MSGSEND = YES;
				ENABLE_TESTABILITY = YES;
				GCC_C_LANGUAGE_STANDARD = gnu11;
				GCC_DYNAMIC_NO_PIC = NO;
				GCC_NO_COMMON_BLOCKS = YES;
				GCC_OPTIMIZATION_LEVEL = 0;
				GCC_PREPROCESSOR_DEFINITIONS = (
					"DEBUG=1",
					"$(inherited)",
				);
				GCC_WARN_64_TO_32_BIT_CONVERSION = YES;
				GCC_WARN_ABOUT_RETURN_TYPE = YES_ERROR;
				GCC_WARN_UNDECLARED_SELECTOR = YES;
				GCC_WARN_UNINITIALIZED_AUTOS = YES_AGGRESSIVE;
				GCC_WARN_UNUSED_FUNCTION = YES;
				GCC_WARN_UNUSED_VARIABLE = YES;
				IPHONEOS_DEPLOYMENT_TARGET = 14.4;
				MTL_ENABLE_DEBUG_INFO = INCLUDE_SOURCE;
				MTL_FAST_MATH = YES;
				ONLY_ACTIVE_ARCH = YES;
				SDKROOT = iphoneos;
				SWIFT_ACTIVE_COMPILATION_CONDITIONS = DEBUG;
				SWIFT_OPTIMIZATION_LEVEL = "-Onone";
			};
			name = Debug;
		};
		8B560D0C262DCCFB00BB1849 /* Release */ = {
			isa = XCBuildConfiguration;
			buildSettings = {
				ALWAYS_SEARCH_USER_PATHS = NO;
				CLANG_ANALYZER_NONNULL = YES;
				CLANG_ANALYZER_NUMBER_OBJECT_CONVERSION = YES_AGGRESSIVE;
				CLANG_CXX_LANGUAGE_STANDARD = "gnu++14";
				CLANG_CXX_LIBRARY = "libc++";
				CLANG_ENABLE_MODULES = YES;
				CLANG_ENABLE_OBJC_ARC = YES;
				CLANG_ENABLE_OBJC_WEAK = YES;
				CLANG_WARN_BLOCK_CAPTURE_AUTORELEASING = YES;
				CLANG_WARN_BOOL_CONVERSION = YES;
				CLANG_WARN_COMMA = YES;
				CLANG_WARN_CONSTANT_CONVERSION = YES;
				CLANG_WARN_DEPRECATED_OBJC_IMPLEMENTATIONS = YES;
				CLANG_WARN_DIRECT_OBJC_ISA_USAGE = YES_ERROR;
				CLANG_WARN_DOCUMENTATION_COMMENTS = YES;
				CLANG_WARN_EMPTY_BODY = YES;
				CLANG_WARN_ENUM_CONVERSION = YES;
				CLANG_WARN_INFINITE_RECURSION = YES;
				CLANG_WARN_INT_CONVERSION = YES;
				CLANG_WARN_NON_LITERAL_NULL_CONVERSION = YES;
				CLANG_WARN_OBJC_IMPLICIT_RETAIN_SELF = YES;
				CLANG_WARN_OBJC_LITERAL_CONVERSION = YES;
				CLANG_WARN_OBJC_ROOT_CLASS = YES_ERROR;
				CLANG_WARN_QUOTED_INCLUDE_IN_FRAMEWORK_HEADER = YES;
				CLANG_WARN_RANGE_LOOP_ANALYSIS = YES;
				CLANG_WARN_STRICT_PROTOTYPES = YES;
				CLANG_WARN_SUSPICIOUS_MOVE = YES;
				CLANG_WARN_UNGUARDED_AVAILABILITY = YES_AGGRESSIVE;
				CLANG_WARN_UNREACHABLE_CODE = YES;
				CLANG_WARN__DUPLICATE_METHOD_MATCH = YES;
				COPY_PHASE_STRIP = NO;
				DEBUG_INFORMATION_FORMAT = "dwarf-with-dsym";
				ENABLE_NS_ASSERTIONS = NO;
				ENABLE_STRICT_OBJC_MSGSEND = YES;
				GCC_C_LANGUAGE_STANDARD = gnu11;
				GCC_NO_COMMON_BLOCKS = YES;
				GCC_WARN_64_TO_32_BIT_CONVERSION = YES;
				GCC_WARN_ABOUT_RETURN_TYPE = YES_ERROR;
				GCC_WARN_UNDECLARED_SELECTOR = YES;
				GCC_WARN_UNINITIALIZED_AUTOS = YES_AGGRESSIVE;
				GCC_WARN_UNUSED_FUNCTION = YES;
				GCC_WARN_UNUSED_VARIABLE = YES;
				IPHONEOS_DEPLOYMENT_TARGET = 14.4;
				MTL_ENABLE_DEBUG_INFO = NO;
				MTL_FAST_MATH = YES;
				SDKROOT = iphoneos;
				SWIFT_COMPILATION_MODE = wholemodule;
				SWIFT_OPTIMIZATION_LEVEL = "-O";
				VALIDATE_PRODUCT = YES;
			};
			name = Release;
		};
		8B560D0E262DCCFB00BB1849 /* Debug */ = {
			isa = XCBuildConfiguration;
			buildSettings = {
				ASSETCATALOG_COMPILER_APPICON_NAME = AppIcon;
				ASSETCATALOG_COMPILER_GLOBAL_ACCENT_COLOR_NAME = AccentColor;
				CODE_SIGN_STYLE = Automatic;
				DEVELOPMENT_TEAM = DTYVM34KN8;
				INFOPLIST_FILE = HookahApp/Info.plist;
				LD_RUNPATH_SEARCH_PATHS = (
					"$(inherited)",
					"@executable_path/Frameworks",
				);
				PRODUCT_BUNDLE_IDENTIFIER = soloexploder.HookahApp;
				PRODUCT_NAME = "$(TARGET_NAME)";
				SWIFT_VERSION = 5.0;
				TARGETED_DEVICE_FAMILY = "1,2";
			};
			name = Debug;
		};
		8B560D0F262DCCFB00BB1849 /* Release */ = {
			isa = XCBuildConfiguration;
			buildSettings = {
				ASSETCATALOG_COMPILER_APPICON_NAME = AppIcon;
				ASSETCATALOG_COMPILER_GLOBAL_ACCENT_COLOR_NAME = AccentColor;
				CODE_SIGN_STYLE = Automatic;
				DEVELOPMENT_TEAM = DTYVM34KN8;
				INFOPLIST_FILE = HookahApp/Info.plist;
				LD_RUNPATH_SEARCH_PATHS = (
					"$(inherited)",
					"@executable_path/Frameworks",
				);
				PRODUCT_BUNDLE_IDENTIFIER = soloexploder.HookahApp;
				PRODUCT_NAME = "$(TARGET_NAME)";
				SWIFT_VERSION = 5.0;
				TARGETED_DEVICE_FAMILY = "1,2";
			};
			name = Release;
		};
/* End XCBuildConfiguration section */

/* Begin XCConfigurationList section */
		8B560CF4262DCCF100BB1849 /* Build configuration list for PBXProject "HookahApp" */ = {
			isa = XCConfigurationList;
			buildConfigurations = (
				8B560D0B262DCCFB00BB1849 /* Debug */,
				8B560D0C262DCCFB00BB1849 /* Release */,
			);
			defaultConfigurationIsVisible = 0;
			defaultConfigurationName = Release;
		};
		8B560D0D262DCCFB00BB1849 /* Build configuration list for PBXNativeTarget "HookahApp" */ = {
			isa = XCConfigurationList;
			buildConfigurations = (
				8B560D0E262DCCFB00BB1849 /* Debug */,
				8B560D0F262DCCFB00BB1849 /* Release */,
			);
			defaultConfigurationIsVisible = 0;
			defaultConfigurationName = Release;
		};
/* End XCConfigurationList section */
	};
	rootObject = 8B560CF1262DCCF100BB1849 /* Project object */;
}
